
Microsoft Visual Studio Solution File, Format Version 12.00
# Visual Studio 15
VisualStudioVersion = 15.0.27004.2005
MinimumVisualStudioVersion = 10.0.40219.1
Project("{9092AA53-FB77-4645-B42D-1CCCA6BD08BD}") = "AuthenticationExample", "AuthenticationExample\AuthenticationExample.njsproj", "{B57CB092-F056-494B-89EA-7DE8310D7213}"
EndProject
Global
	GlobalSection(SolutionConfigurationPlatforms) = preSolution
		Debug|Any CPU = Debug|Any CPU
		Release|Any CPU = Release|Any CPU
	EndGlobalSection
	GlobalSection(ProjectConfigurationPlatforms) = postSolution
		{B57CB092-F056-494B-89EA-7DE8310D7213}.Debug|Any CPU.ActiveCfg = Debug|Any CPU
		{B57CB092-F056-494B-89EA-7DE8310D7213}.Debug|Any CPU.Build.0 = Debug|Any CPU
		{B57CB092-F056-494B-89EA-7DE8310D7213}.Release|Any CPU.ActiveCfg = Release|Any CPU
		{B57CB092-F056-494B-89EA-7DE8310D7213}.Release|Any CPU.Build.0 = Release|Any CPU
	EndGlobalSection
	GlobalSection(SolutionProperties) = preSolution
		HideSolutionNode = FALSE
	EndGlobalSection
	GlobalSection(ExtensibilityGlobals) = postSolution
		SolutionGuid = {CC263645-EC56-405C-B511-0D20411360A1}
	EndGlobalSection
EndGlobal
