
Microsoft Visual Studio Solution File, Format Version 12.00
# Visual Studio 15
VisualStudioVersion = 15.0.27004.2005
MinimumVisualStudioVersion = 10.0.40219.1
Project("{9092AA53-FB77-4645-B42D-1CCCA6BD08BD}") = "SimpleSessionExample", "SimpleSessionExample\SimpleSessionExample.njsproj", "{BAC14FD0-2644-4EAF-B6C8-FC9DBA1AD11B}"
EndProject
Global
	GlobalSection(SolutionConfigurationPlatforms) = preSolution
		Debug|Any CPU = Debug|Any CPU
		Release|Any CPU = Release|Any CPU
	EndGlobalSection
	GlobalSection(ProjectConfigurationPlatforms) = postSolution
		{BAC14FD0-2644-4EAF-B6C8-FC9DBA1AD11B}.Debug|Any CPU.ActiveCfg = Debug|Any CPU
		{BAC14FD0-2644-4EAF-B6C8-FC9DBA1AD11B}.Debug|Any CPU.Build.0 = Debug|Any CPU
		{BAC14FD0-2644-4EAF-B6C8-FC9DBA1AD11B}.Release|Any CPU.ActiveCfg = Release|Any CPU
		{BAC14FD0-2644-4EAF-B6C8-FC9DBA1AD11B}.Release|Any CPU.Build.0 = Release|Any CPU
	EndGlobalSection
	GlobalSection(SolutionProperties) = preSolution
		HideSolutionNode = FALSE
	EndGlobalSection
	GlobalSection(ExtensibilityGlobals) = postSolution
		SolutionGuid = {30777FA1-5DEA-4CF4-BEDD-83391CCD0AAB}
	EndGlobalSection
EndGlobal
