
Microsoft Visual Studio Solution File, Format Version 12.00
# Visual Studio 15
VisualStudioVersion = 15.0.27130.2036
MinimumVisualStudioVersion = 10.0.40219.1
Project("{9092AA53-FB77-4645-B42D-1CCCA6BD08BD}") = "KevinMa_COMP308PracticeTest1", "KevinMa_COMP308PracticeTest1.njsproj", "{CF9016AA-A617-42B4-983B-562C0D4C8255}"
EndProject
Global
	GlobalSection(SolutionConfigurationPlatforms) = preSolution
		Debug|Any CPU = Debug|Any CPU
		Release|Any CPU = Release|Any CPU
	EndGlobalSection
	GlobalSection(ProjectConfigurationPlatforms) = postSolution
		{CF9016AA-A617-42B4-983B-562C0D4C8255}.Debug|Any CPU.ActiveCfg = Debug|Any CPU
		{CF9016AA-A617-42B4-983B-562C0D4C8255}.Debug|Any CPU.Build.0 = Debug|Any CPU
		{CF9016AA-A617-42B4-983B-562C0D4C8255}.Release|Any CPU.ActiveCfg = Release|Any CPU
		{CF9016AA-A617-42B4-983B-562C0D4C8255}.Release|Any CPU.Build.0 = Release|Any CPU
	EndGlobalSection
	GlobalSection(SolutionProperties) = preSolution
		HideSolutionNode = FALSE
	EndGlobalSection
	GlobalSection(ExtensibilityGlobals) = postSolution
		SolutionGuid = {EDEC5F7E-1BB2-4EBE-B807-978AE4910725}
	EndGlobalSection
EndGlobal
