
Microsoft Visual Studio Solution File, Format Version 12.00
# Visual Studio 14
VisualStudioVersion = 14.0.25420.1
MinimumVisualStudioVersion = 10.0.40219.1
Project("{9092AA53-FB77-4645-B42D-1CCCA6BD08BD}") = "Example4", "Example4\Example4.njsproj", "{1CD34F1C-1CEB-48A6-8344-75EB276A8368}"
EndProject
Global
	GlobalSection(SolutionConfigurationPlatforms) = preSolution
		Debug|Any CPU = Debug|Any CPU
		Release|Any CPU = Release|Any CPU
	EndGlobalSection
	GlobalSection(ProjectConfigurationPlatforms) = postSolution
		{1CD34F1C-1CEB-48A6-8344-75EB276A8368}.Debug|Any CPU.ActiveCfg = Debug|Any CPU
		{1CD34F1C-1CEB-48A6-8344-75EB276A8368}.Debug|Any CPU.Build.0 = Debug|Any CPU
		{1CD34F1C-1CEB-48A6-8344-75EB276A8368}.Release|Any CPU.ActiveCfg = Release|Any CPU
		{1CD34F1C-1CEB-48A6-8344-75EB276A8368}.Release|Any CPU.Build.0 = Release|Any CPU
	EndGlobalSection
	GlobalSection(SolutionProperties) = preSolution
		HideSolutionNode = FALSE
	EndGlobalSection
EndGlobal
